
Microsoft Visual Studio Solution File, Format Version 10.00
# Visual Studio 2008
Project("{FAE04EC0-301F-11D3-BF4B-00C04F79EFBC}") = "BMS.Manager", "BMS.Manager\BMS.Manager.csproj", "{8B8B46E4-868F-4466-82CF-03915BA4E3A3}"
EndProject
Project("{FAE04EC0-301F-11D3-BF4B-00C04F79EFBC}") = "BMS.BL", "BMS.BL\BMS.BL.csproj", "{13D741DB-F9C3-4316-BB5D-186E297C72BF}"
EndProject
Global
	GlobalSection(SolutionConfigurationPlatforms) = preSolution
		Debug|Any CPU = Debug|Any CPU
		Release|Any CPU = Release|Any CPU
	EndGlobalSection
	GlobalSection(ProjectConfigurationPlatforms) = postSolution
		{8B8B46E4-868F-4466-82CF-03915BA4E3A3}.Debug|Any CPU.ActiveCfg = Debug|Any CPU
		{8B8B46E4-868F-4466-82CF-03915BA4E3A3}.Debug|Any CPU.Build.0 = Debug|Any CPU
		{8B8B46E4-868F-4466-82CF-03915BA4E3A3}.Release|Any CPU.ActiveCfg = Release|Any CPU
		{8B8B46E4-868F-4466-82CF-03915BA4E3A3}.Release|Any CPU.Build.0 = Release|Any CPU
		{13D741DB-F9C3-4316-BB5D-186E297C72BF}.Debug|Any CPU.ActiveCfg = Debug|Any CPU
		{13D741DB-F9C3-4316-BB5D-186E297C72BF}.Debug|Any CPU.Build.0 = Debug|Any CPU
		{13D741DB-F9C3-4316-BB5D-186E297C72BF}.Release|Any CPU.ActiveCfg = Release|Any CPU
		{13D741DB-F9C3-4316-BB5D-186E297C72BF}.Release|Any CPU.Build.0 = Release|Any CPU
	EndGlobalSection
	GlobalSection(SolutionProperties) = preSolution
		HideSolutionNode = FALSE
	EndGlobalSection
EndGlobal
